
Microsoft Visual Studio Solution File, Format Version 12.00
# Visual Studio Version 16
VisualStudioVersion = 16.0.33801.447
MinimumVisualStudioVersion = 10.0.40219.1
Project("{FAE04EC0-301F-11D3-BF4B-00C04F79EFBC}") = "UI", "UI\UI.csproj", "{0811B494-3931-4108-939D-5DE0865C56D0}"
EndProject
Project("{FAE04EC0-301F-11D3-BF4B-00C04F79EFBC}") = "BLL", "BLL\BLL.csproj", "{FDC53260-3550-4FA9-B940-44A8E9673049}"
EndProject
Project("{FAE04EC0-301F-11D3-BF4B-00C04F79EFBC}") = "DAL", "DAL\DAL.csproj", "{FA46841F-BCC4-40C2-853A-297BE210E38F}"
EndProject
Global
	GlobalSection(SolutionConfigurationPlatforms) = preSolution
		Debug|Any CPU = Debug|Any CPU
		Release|Any CPU = Release|Any CPU
	EndGlobalSection
	GlobalSection(ProjectConfigurationPlatforms) = postSolution
		{0811B494-3931-4108-939D-5DE0865C56D0}.Debug|Any CPU.ActiveCfg = Debug|Any CPU
		{0811B494-3931-4108-939D-5DE0865C56D0}.Debug|Any CPU.Build.0 = Debug|Any CPU
		{0811B494-3931-4108-939D-5DE0865C56D0}.Release|Any CPU.ActiveCfg = Release|Any CPU
		{0811B494-3931-4108-939D-5DE0865C56D0}.Release|Any CPU.Build.0 = Release|Any CPU
		{FDC53260-3550-4FA9-B940-44A8E9673049}.Debug|Any CPU.ActiveCfg = Debug|Any CPU
		{FDC53260-3550-4FA9-B940-44A8E9673049}.Debug|Any CPU.Build.0 = Debug|Any CPU
		{FDC53260-3550-4FA9-B940-44A8E9673049}.Release|Any CPU.ActiveCfg = Release|Any CPU
		{FDC53260-3550-4FA9-B940-44A8E9673049}.Release|Any CPU.Build.0 = Release|Any CPU
		{FA46841F-BCC4-40C2-853A-297BE210E38F}.Debug|Any CPU.ActiveCfg = Debug|Any CPU
		{FA46841F-BCC4-40C2-853A-297BE210E38F}.Debug|Any CPU.Build.0 = Debug|Any CPU
		{FA46841F-BCC4-40C2-853A-297BE210E38F}.Release|Any CPU.ActiveCfg = Release|Any CPU
		{FA46841F-BCC4-40C2-853A-297BE210E38F}.Release|Any CPU.Build.0 = Release|Any CPU
	EndGlobalSection
	GlobalSection(SolutionProperties) = preSolution
		HideSolutionNode = FALSE
	EndGlobalSection
	GlobalSection(ExtensibilityGlobals) = postSolution
		SolutionGuid = {412EF707-28DD-48EA-A088-8BB0DA15AC5F}
	EndGlobalSection
EndGlobal
